
Microsoft Visual Studio Solution File, Format Version 12.00
# Visual Studio 2012
Project("{FAE04EC0-301F-11D3-BF4B-00C04F79EFBC}") = "Iterator", "Iterator\Iterator.csproj", "{2EBAA940-212A-4C38-957E-930BE799B8BB}"
EndProject
Global
	GlobalSection(SolutionConfigurationPlatforms) = preSolution
		Debug|Any CPU = Debug|Any CPU
		Release|Any CPU = Release|Any CPU
	EndGlobalSection
	GlobalSection(ProjectConfigurationPlatforms) = postSolution
		{2EBAA940-212A-4C38-957E-930BE799B8BB}.Debug|Any CPU.ActiveCfg = Debug|Any CPU
		{2EBAA940-212A-4C38-957E-930BE799B8BB}.Debug|Any CPU.Build.0 = Debug|Any CPU
		{2EBAA940-212A-4C38-957E-930BE799B8BB}.Release|Any CPU.ActiveCfg = Release|Any CPU
		{2EBAA940-212A-4C38-957E-930BE799B8BB}.Release|Any CPU.Build.0 = Release|Any CPU
	EndGlobalSection
	GlobalSection(SolutionProperties) = preSolution
		HideSolutionNode = FALSE
	EndGlobalSection
EndGlobal
